
Microsoft Visual Studio Solution File, Format Version 12.00
# Visual Studio Version 17
VisualStudioVersion = 17.5.002.0
MinimumVisualStudioVersion = 10.0.40219.1
Project("{2150E333-8FDC-42A3-9474-1A3956D46DE8}") = "LMDev.EveReviewer.Server", "LMDev.EveReviewer.Server", "{8A5BD890-2C71-48F6-8D46-5467FC9F11EB}"
EndProject
Project("{FAE04EC0-301F-11D3-BF4B-00C04F79EFBC}") = "LMDev.EveReviewer.Server.WebApi", "src\LMDev.EveReviewer.Server\LMDev.EveReviewer.Server.WebApi\LMDev.EveReviewer.Server.WebApi.csproj", "{7EDB2F32-27C5-4CA1-A92C-AA3F20F06FDC}"
EndProject
Project("{FAE04EC0-301F-11D3-BF4B-00C04F79EFBC}") = "LMDev.EveReviewer.Server.Services", "src\LMDev.EveReviewer.Server\LMDev.EveReviewer.Server.Services\LMDev.EveReviewer.Server.Services.csproj", "{0AF6C7F4-32FB-4776-A0AA-09AA4AE4F24B}"
EndProject
Global
	GlobalSection(SolutionConfigurationPlatforms) = preSolution
		Debug|Any CPU = Debug|Any CPU
		Release|Any CPU = Release|Any CPU
	EndGlobalSection
	GlobalSection(ProjectConfigurationPlatforms) = postSolution
		{7EDB2F32-27C5-4CA1-A92C-AA3F20F06FDC}.Debug|Any CPU.ActiveCfg = Debug|Any CPU
		{7EDB2F32-27C5-4CA1-A92C-AA3F20F06FDC}.Debug|Any CPU.Build.0 = Debug|Any CPU
		{7EDB2F32-27C5-4CA1-A92C-AA3F20F06FDC}.Release|Any CPU.ActiveCfg = Release|Any CPU
		{7EDB2F32-27C5-4CA1-A92C-AA3F20F06FDC}.Release|Any CPU.Build.0 = Release|Any CPU
		{0AF6C7F4-32FB-4776-A0AA-09AA4AE4F24B}.Debug|Any CPU.ActiveCfg = Debug|Any CPU
		{0AF6C7F4-32FB-4776-A0AA-09AA4AE4F24B}.Debug|Any CPU.Build.0 = Debug|Any CPU
		{0AF6C7F4-32FB-4776-A0AA-09AA4AE4F24B}.Release|Any CPU.ActiveCfg = Release|Any CPU
		{0AF6C7F4-32FB-4776-A0AA-09AA4AE4F24B}.Release|Any CPU.Build.0 = Release|Any CPU
	EndGlobalSection
	GlobalSection(SolutionProperties) = preSolution
		HideSolutionNode = FALSE
	EndGlobalSection
	GlobalSection(NestedProjects) = preSolution
		{7EDB2F32-27C5-4CA1-A92C-AA3F20F06FDC} = {8A5BD890-2C71-48F6-8D46-5467FC9F11EB}
		{0AF6C7F4-32FB-4776-A0AA-09AA4AE4F24B} = {8A5BD890-2C71-48F6-8D46-5467FC9F11EB}
	EndGlobalSection
	GlobalSection(ExtensibilityGlobals) = postSolution
		SolutionGuid = {A7116667-BE72-4439-B062-71427CC66D26}
	EndGlobalSection
EndGlobal
